// !$*UTF8*$!
{
	archiveVersion = 1;
	classes = {
	};
	objectVersion = 56;
	objects = {

/* Begin PBXBuildFile section */
		1B2597469C42F37E7880D510 /* Pods_MealMaster_MealMasterUITests.framework in Frameworks */ = {isa = PBXBuildFile; fileRef = 8A480AC5A27E367B18664322 /* Pods_MealMaster_MealMasterUITests.framework */; };
		892A28F32A7451C5003D4C19 /* PlanningCollectionView.swift in Sources */ = {isa = PBXBuildFile; fileRef = 892A28F22A7451C5003D4C19 /* PlanningCollectionView.swift */; };
		892A28F52A78180A003D4C19 /* Extensions.swift in Sources */ = {isa = PBXBuildFile; fileRef = 892A28F42A78180A003D4C19 /* Extensions.swift */; };
		892A28F72A8292F8003D4C19 /* UserSettings.swift in Sources */ = {isa = PBXBuildFile; fileRef = 892A28F62A8292F8003D4C19 /* UserSettings.swift */; };
		892A28F92A83A566003D4C19 /* PlanningMeal.swift in Sources */ = {isa = PBXBuildFile; fileRef = 892A28F82A83A566003D4C19 /* PlanningMeal.swift */; };
		894128582AAB88690075257F /* CoreDataTests.swift in Sources */ = {isa = PBXBuildFile; fileRef = 894128572AAB88690075257F /* CoreDataTests.swift */; };
		89693E8A2A9E368000CB6FB9 /* FoodJSONCodable.swift in Sources */ = {isa = PBXBuildFile; fileRef = 89693E892A9E368000CB6FB9 /* FoodJSONCodable.swift */; };
		89693E8C2A9E405000CB6FB9 /* FoodSearch.swift in Sources */ = {isa = PBXBuildFile; fileRef = 89693E8B2A9E405000CB6FB9 /* FoodSearch.swift */; };
		8974A0F72A7169DA0044AEE4 /* Allergies.swift in Sources */ = {isa = PBXBuildFile; fileRef = 8974A0F62A7169DA0044AEE4 /* Allergies.swift */; };
		8974A0F92A71930D0044AEE4 /* UserCollectionView.swift in Sources */ = {isa = PBXBuildFile; fileRef = 8974A0F82A71930D0044AEE4 /* UserCollectionView.swift */; };
		897A93882AA0C5FE00471718 /* FoodTableViewCell.swift in Sources */ = {isa = PBXBuildFile; fileRef = 897A93872AA0C5FE00471718 /* FoodTableViewCell.swift */; };
		897A938A2AA32CC400471718 /* FridgeSearchViewController.swift in Sources */ = {isa = PBXBuildFile; fileRef = 897A93892AA32CC400471718 /* FridgeSearchViewController.swift */; };
		89807EE82A86A727007050B9 /* PlanningCellDelegate.swift in Sources */ = {isa = PBXBuildFile; fileRef = 89807EE72A86A727007050B9 /* PlanningCellDelegate.swift */; };
		89807EEA2A86AF35007050B9 /* MealButton.swift in Sources */ = {isa = PBXBuildFile; fileRef = 89807EE92A86AF35007050B9 /* MealButton.swift */; };
		898FC74D2A6579F000AD7422 /* AFSession.swift in Sources */ = {isa = PBXBuildFile; fileRef = 898FC74C2A6579F000AD7422 /* AFSession.swift */; };
		898FC74F2A657CDB00AD7422 /* CoreDataStack.swift in Sources */ = {isa = PBXBuildFile; fileRef = 898FC74E2A657CDB00AD7422 /* CoreDataStack.swift */; };
		898FC7512A657D5D00AD7422 /* RecipeSearch.swift in Sources */ = {isa = PBXBuildFile; fileRef = 898FC7502A657D5D00AD7422 /* RecipeSearch.swift */; };
		898FC7532A65831100AD7422 /* RecipeJSONCodable.swift in Sources */ = {isa = PBXBuildFile; fileRef = 898FC7522A65831100AD7422 /* RecipeJSONCodable.swift */; };
		898FC7572A6583C300AD7422 /* CoreDataCRUD.swift in Sources */ = {isa = PBXBuildFile; fileRef = 898FC7562A6583C300AD7422 /* CoreDataCRUD.swift */; };
		898FC7592A65880300AD7422 /* Recipe.swift in Sources */ = {isa = PBXBuildFile; fileRef = 898FC7582A65880300AD7422 /* Recipe.swift */; };
		898FC75B2A6588F000AD7422 /* Errors.swift in Sources */ = {isa = PBXBuildFile; fileRef = 898FC75A2A6588F000AD7422 /* Errors.swift */; };
		898FC75D2A66DB2500AD7422 /* RecipeDetailVC.swift in Sources */ = {isa = PBXBuildFile; fileRef = 898FC75C2A66DB2500AD7422 /* RecipeDetailVC.swift */; };
		898FC75F2A67ED4300AD7422 /* RecipeForm.swift in Sources */ = {isa = PBXBuildFile; fileRef = 898FC75E2A67ED4300AD7422 /* RecipeForm.swift */; };
		899365652AB0A8E5007EF59C /* FoodsSearch.json in Resources */ = {isa = PBXBuildFile; fileRef = 899365612AB0A611007EF59C /* FoodsSearch.json */; };
		899F63FA2A6037C600BE8E5A /* PlanningViewController.swift in Sources */ = {isa = PBXBuildFile; fileRef = 899F63F92A6037C600BE8E5A /* PlanningViewController.swift */; };
		899F63FC2A6043CE00BE8E5A /* RecipesTVCell.swift in Sources */ = {isa = PBXBuildFile; fileRef = 899F63FB2A6043CE00BE8E5A /* RecipesTVCell.swift */; };
		899F63FE2A61A71300BE8E5A /* PlanningCollectionViewCell.swift in Sources */ = {isa = PBXBuildFile; fileRef = 899F63FD2A61A71300BE8E5A /* PlanningCollectionViewCell.swift */; };
		89AA69D42A7017A200F3E687 /* Favourite.swift in Sources */ = {isa = PBXBuildFile; fileRef = 89AA69D32A7017A200F3E687 /* Favourite.swift */; };
		89AA69D62A7017C000F3E687 /* PlanningDay.swift in Sources */ = {isa = PBXBuildFile; fileRef = 89AA69D52A7017C000F3E687 /* PlanningDay.swift */; };
		89AA69E32A7019ED00F3E687 /* UserViewController.swift in Sources */ = {isa = PBXBuildFile; fileRef = 89AA69DB2A7019ED00F3E687 /* UserViewController.swift */; };
		89AA69E62A7019ED00F3E687 /* UserFavouriteListVC.swift in Sources */ = {isa = PBXBuildFile; fileRef = 89AA69DE2A7019ED00F3E687 /* UserFavouriteListVC.swift */; };
		89AA69EA2A70805B00F3E687 /* FridgeViewController.swift in Sources */ = {isa = PBXBuildFile; fileRef = 89AA69E92A70805B00F3E687 /* FridgeViewController.swift */; };
		89AA69EC2A71328A00F3E687 /* UserCollectionViewCell.swift in Sources */ = {isa = PBXBuildFile; fileRef = 89AA69EB2A71328A00F3E687 /* UserCollectionViewCell.swift */; };
		89ACC6A52AA60C1D008C1E4A /* Food.swift in Sources */ = {isa = PBXBuildFile; fileRef = 89ACC6A42AA60C1D008C1E4A /* Food.swift */; };
		89ACC6A92AA79366008C1E4A /* FridgeTableViewCell.swift in Sources */ = {isa = PBXBuildFile; fileRef = 89ACC6A82AA79366008C1E4A /* FridgeTableViewCell.swift */; };
		89ACC6AB2AA79712008C1E4A /* FridgeButton.swift in Sources */ = {isa = PBXBuildFile; fileRef = 89ACC6AA2AA79712008C1E4A /* FridgeButton.swift */; };
		89ACC6AE2AAB71A6008C1E4A /* TestAFRequest.swift in Sources */ = {isa = PBXBuildFile; fileRef = 89ACC6AD2AAB71A6008C1E4A /* TestAFRequest.swift */; };
		89ACC6B02AAB71B7008C1E4A /* TestCoreDataStack.swift in Sources */ = {isa = PBXBuildFile; fileRef = 89ACC6AF2AAB71B7008C1E4A /* TestCoreDataStack.swift */; };
		89ACC6B22AAB71C4008C1E4A /* FakeResponse.swift in Sources */ = {isa = PBXBuildFile; fileRef = 89ACC6B12AAB71C4008C1E4A /* FakeResponse.swift */; };
		89ACC6B42AAB71D3008C1E4A /* FakeResponseData.swift in Sources */ = {isa = PBXBuildFile; fileRef = 89ACC6B32AAB71D3008C1E4A /* FakeResponseData.swift */; };
		89ACC6B62AAB72A5008C1E4A /* RecipeSessionFake.swift in Sources */ = {isa = PBXBuildFile; fileRef = 89ACC6B52AAB72A5008C1E4A /* RecipeSessionFake.swift */; };
		89ACC6B82AAB7326008C1E4A /* RecipesSearch.json in Resources */ = {isa = PBXBuildFile; fileRef = 89ACC6B72AAB7326008C1E4A /* RecipesSearch.json */; };
		89BBD0C52A587D04008F0376 /* GoogleService-Info.plist in Resources */ = {isa = PBXBuildFile; fileRef = 89BBD0C42A587D03008F0376 /* GoogleService-Info.plist */; };
		89BBD0C62A587D04008F0376 /* GoogleService-Info.plist in Resources */ = {isa = PBXBuildFile; fileRef = 89BBD0C42A587D03008F0376 /* GoogleService-Info.plist */; };
		89BBD0C72A587D04008F0376 /* GoogleService-Info.plist in Resources */ = {isa = PBXBuildFile; fileRef = 89BBD0C42A587D03008F0376 /* GoogleService-Info.plist */; };
		89D3A7DE2A57023700BE11DD /* AppDelegate.swift in Sources */ = {isa = PBXBuildFile; fileRef = 89D3A7DD2A57023700BE11DD /* AppDelegate.swift */; };
		89D3A7E02A57023700BE11DD /* SceneDelegate.swift in Sources */ = {isa = PBXBuildFile; fileRef = 89D3A7DF2A57023700BE11DD /* SceneDelegate.swift */; };
		89D3A7E22A57023700BE11DD /* RecipesViewController.swift in Sources */ = {isa = PBXBuildFile; fileRef = 89D3A7E12A57023700BE11DD /* RecipesViewController.swift */; };
		89D3A7E82A57023700BE11DD /* MealMaster.xcdatamodeld in Sources */ = {isa = PBXBuildFile; fileRef = 89D3A7E62A57023700BE11DD /* MealMaster.xcdatamodeld */; };
		89D3A7EA2A57023800BE11DD /* Assets.xcassets in Resources */ = {isa = PBXBuildFile; fileRef = 89D3A7E92A57023800BE11DD /* Assets.xcassets */; };
		89D3A7ED2A57023800BE11DD /* LaunchScreen.storyboard in Resources */ = {isa = PBXBuildFile; fileRef = 89D3A7EB2A57023800BE11DD /* LaunchScreen.storyboard */; };
		89D3A7F82A57023900BE11DD /* SearchTests.swift in Sources */ = {isa = PBXBuildFile; fileRef = 89D3A7F72A57023900BE11DD /* SearchTests.swift */; };
		89D3A8022A57023900BE11DD /* MealMasterUITests.swift in Sources */ = {isa = PBXBuildFile; fileRef = 89D3A8012A57023900BE11DD /* MealMasterUITests.swift */; };
		89D3A8042A57023900BE11DD /* MealMasterUITestsLaunchTests.swift in Sources */ = {isa = PBXBuildFile; fileRef = 89D3A8032A57023900BE11DD /* MealMasterUITestsLaunchTests.swift */; };
		89D3A8172A5703D500BE11DD /* Main Storyboard.storyboard in Resources */ = {isa = PBXBuildFile; fileRef = 89D3A8162A5703D500BE11DD /* Main Storyboard.storyboard */; };
		89FED4B52AB48FDD009B652D /* FirebaseCrashlytics in Frameworks */ = {isa = PBXBuildFile; productRef = 89FED4B42AB48FDD009B652D /* FirebaseCrashlytics */; };
		89FED4B72AB8940F009B652D /* FirebaseAnalytics in Frameworks */ = {isa = PBXBuildFile; productRef = 89FED4B62AB8940F009B652D /* FirebaseAnalytics */; };
		89FED4B92AB89418009B652D /* FirebaseCrashlytics in Frameworks */ = {isa = PBXBuildFile; productRef = 89FED4B82AB89418009B652D /* FirebaseCrashlytics */; };
		94FBEA760709C231F9B21F3F /* Pods_MealMaster.framework in Frameworks */ = {isa = PBXBuildFile; fileRef = 6F6B12BBB7338231E707C0D2 /* Pods_MealMaster.framework */; };
		FE4B506717902345DA640EB4 /* Pods_MealMasterTests.framework in Frameworks */ = {isa = PBXBuildFile; fileRef = 61F32902DB5F632E01F60014 /* Pods_MealMasterTests.framework */; };
/* End PBXBuildFile section */

/* Begin PBXContainerItemProxy section */
		89D3A7F42A57023900BE11DD /* PBXContainerItemProxy */ = {
			isa = PBXContainerItemProxy;
			containerPortal = 89D3A7D22A57023700BE11DD /* Project object */;
			proxyType = 1;
			remoteGlobalIDString = 89D3A7D92A57023700BE11DD;
			remoteInfo = MealMaster;
		};
		89D3A7FE2A57023900BE11DD /* PBXContainerItemProxy */ = {
			isa = PBXContainerItemProxy;
			containerPortal = 89D3A7D22A57023700BE11DD /* Project object */;
			proxyType = 1;
			remoteGlobalIDString = 89D3A7D92A57023700BE11DD;
			remoteInfo = MealMaster;
		};
/* End PBXContainerItemProxy section */

/* Begin PBXFileReference section */
		339C4390CD507A054B8651BF /* Pods-MealMasterTests.release.xcconfig */ = {isa = PBXFileReference; includeInIndex = 1; lastKnownFileType = text.xcconfig; name = "Pods-MealMasterTests.release.xcconfig"; path = "Target Support Files/Pods-MealMasterTests/Pods-MealMasterTests.release.xcconfig"; sourceTree = "<group>"; };
		61F32902DB5F632E01F60014 /* Pods_MealMasterTests.framework */ = {isa = PBXFileReference; explicitFileType = wrapper.framework; includeInIndex = 0; path = Pods_MealMasterTests.framework; sourceTree = BUILT_PRODUCTS_DIR; };
		6F6B12BBB7338231E707C0D2 /* Pods_MealMaster.framework */ = {isa = PBXFileReference; explicitFileType = wrapper.framework; includeInIndex = 0; path = Pods_MealMaster.framework; sourceTree = BUILT_PRODUCTS_DIR; };
		892A28F22A7451C5003D4C19 /* PlanningCollectionView.swift */ = {isa = PBXFileReference; lastKnownFileType = sourcecode.swift; path = PlanningCollectionView.swift; sourceTree = "<group>"; };
		892A28F42A78180A003D4C19 /* Extensions.swift */ = {isa = PBXFileReference; lastKnownFileType = sourcecode.swift; path = Extensions.swift; sourceTree = "<group>"; };
		892A28F62A8292F8003D4C19 /* UserSettings.swift */ = {isa = PBXFileReference; lastKnownFileType = sourcecode.swift; path = UserSettings.swift; sourceTree = "<group>"; };
		892A28F82A83A566003D4C19 /* PlanningMeal.swift */ = {isa = PBXFileReference; lastKnownFileType = sourcecode.swift; path = PlanningMeal.swift; sourceTree = "<group>"; };
		894128522AAB77980075257F /* TestPlan.xctestplan */ = {isa = PBXFileReference; lastKnownFileType = text; path = TestPlan.xctestplan; sourceTree = "<group>"; };
		894128572AAB88690075257F /* CoreDataTests.swift */ = {isa = PBXFileReference; lastKnownFileType = sourcecode.swift; path = CoreDataTests.swift; sourceTree = "<group>"; };
		89693E892A9E368000CB6FB9 /* FoodJSONCodable.swift */ = {isa = PBXFileReference; lastKnownFileType = sourcecode.swift; path = FoodJSONCodable.swift; sourceTree = "<group>"; };
		89693E8B2A9E405000CB6FB9 /* FoodSearch.swift */ = {isa = PBXFileReference; lastKnownFileType = sourcecode.swift; path = FoodSearch.swift; sourceTree = "<group>"; };
		8974A0F62A7169DA0044AEE4 /* Allergies.swift */ = {isa = PBXFileReference; lastKnownFileType = sourcecode.swift; path = Allergies.swift; sourceTree = "<group>"; };
		8974A0F82A71930D0044AEE4 /* UserCollectionView.swift */ = {isa = PBXFileReference; lastKnownFileType = sourcecode.swift; path = UserCollectionView.swift; sourceTree = "<group>"; };
		897A93872AA0C5FE00471718 /* FoodTableViewCell.swift */ = {isa = PBXFileReference; lastKnownFileType = sourcecode.swift; path = FoodTableViewCell.swift; sourceTree = "<group>"; };
		897A93892AA32CC400471718 /* FridgeSearchViewController.swift */ = {isa = PBXFileReference; lastKnownFileType = sourcecode.swift; path = FridgeSearchViewController.swift; sourceTree = "<group>"; };
		89807EE72A86A727007050B9 /* PlanningCellDelegate.swift */ = {isa = PBXFileReference; lastKnownFileType = sourcecode.swift; path = PlanningCellDelegate.swift; sourceTree = "<group>"; };
		89807EE92A86AF35007050B9 /* MealButton.swift */ = {isa = PBXFileReference; lastKnownFileType = sourcecode.swift; path = MealButton.swift; sourceTree = "<group>"; };
		898FC74C2A6579F000AD7422 /* AFSession.swift */ = {isa = PBXFileReference; lastKnownFileType = sourcecode.swift; path = AFSession.swift; sourceTree = "<group>"; };
		898FC74E2A657CDB00AD7422 /* CoreDataStack.swift */ = {isa = PBXFileReference; lastKnownFileType = sourcecode.swift; path = CoreDataStack.swift; sourceTree = "<group>"; };
		898FC7502A657D5D00AD7422 /* RecipeSearch.swift */ = {isa = PBXFileReference; lastKnownFileType = sourcecode.swift; path = RecipeSearch.swift; sourceTree = "<group>"; };
		898FC7522A65831100AD7422 /* RecipeJSONCodable.swift */ = {isa = PBXFileReference; lastKnownFileType = sourcecode.swift; path = RecipeJSONCodable.swift; sourceTree = "<group>"; };
		898FC7562A6583C300AD7422 /* CoreDataCRUD.swift */ = {isa = PBXFileReference; lastKnownFileType = sourcecode.swift; path = CoreDataCRUD.swift; sourceTree = "<group>"; };
		898FC7582A65880300AD7422 /* Recipe.swift */ = {isa = PBXFileReference; lastKnownFileType = sourcecode.swift; path = Recipe.swift; sourceTree = "<group>"; };
		898FC75A2A6588F000AD7422 /* Errors.swift */ = {isa = PBXFileReference; lastKnownFileType = sourcecode.swift; path = Errors.swift; sourceTree = "<group>"; };
		898FC75C2A66DB2500AD7422 /* RecipeDetailVC.swift */ = {isa = PBXFileReference; lastKnownFileType = sourcecode.swift; path = RecipeDetailVC.swift; sourceTree = "<group>"; };
		898FC75E2A67ED4300AD7422 /* RecipeForm.swift */ = {isa = PBXFileReference; lastKnownFileType = sourcecode.swift; path = RecipeForm.swift; sourceTree = "<group>"; };
		899365612AB0A611007EF59C /* FoodsSearch.json */ = {isa = PBXFileReference; lastKnownFileType = text.json; path = FoodsSearch.json; sourceTree = "<group>"; };
		899F63F92A6037C600BE8E5A /* PlanningViewController.swift */ = {isa = PBXFileReference; lastKnownFileType = sourcecode.swift; path = PlanningViewController.swift; sourceTree = "<group>"; };
		899F63FB2A6043CE00BE8E5A /* RecipesTVCell.swift */ = {isa = PBXFileReference; lastKnownFileType = sourcecode.swift; path = RecipesTVCell.swift; sourceTree = "<group>"; };
		899F63FD2A61A71300BE8E5A /* PlanningCollectionViewCell.swift */ = {isa = PBXFileReference; lastKnownFileType = sourcecode.swift; path = PlanningCollectionViewCell.swift; sourceTree = "<group>"; };
		89AA69D32A7017A200F3E687 /* Favourite.swift */ = {isa = PBXFileReference; lastKnownFileType = sourcecode.swift; path = Favourite.swift; sourceTree = "<group>"; };
		89AA69D52A7017C000F3E687 /* PlanningDay.swift */ = {isa = PBXFileReference; lastKnownFileType = sourcecode.swift; path = PlanningDay.swift; sourceTree = "<group>"; };
		89AA69DB2A7019ED00F3E687 /* UserViewController.swift */ = {isa = PBXFileReference; fileEncoding = 4; lastKnownFileType = sourcecode.swift; path = UserViewController.swift; sourceTree = "<group>"; };
		89AA69DE2A7019ED00F3E687 /* UserFavouriteListVC.swift */ = {isa = PBXFileReference; fileEncoding = 4; lastKnownFileType = sourcecode.swift; path = UserFavouriteListVC.swift; sourceTree = "<group>"; };
		89AA69E92A70805B00F3E687 /* FridgeViewController.swift */ = {isa = PBXFileReference; lastKnownFileType = sourcecode.swift; path = FridgeViewController.swift; sourceTree = "<group>"; };
		89AA69EB2A71328A00F3E687 /* UserCollectionViewCell.swift */ = {isa = PBXFileReference; lastKnownFileType = sourcecode.swift; path = UserCollectionViewCell.swift; sourceTree = "<group>"; };
		89ACC6A42AA60C1D008C1E4A /* Food.swift */ = {isa = PBXFileReference; lastKnownFileType = sourcecode.swift; path = Food.swift; sourceTree = "<group>"; };
		89ACC6A82AA79366008C1E4A /* FridgeTableViewCell.swift */ = {isa = PBXFileReference; lastKnownFileType = sourcecode.swift; path = FridgeTableViewCell.swift; sourceTree = "<group>"; };
		89ACC6AA2AA79712008C1E4A /* FridgeButton.swift */ = {isa = PBXFileReference; lastKnownFileType = sourcecode.swift; path = FridgeButton.swift; sourceTree = "<group>"; };
		89ACC6AD2AAB71A6008C1E4A /* TestAFRequest.swift */ = {isa = PBXFileReference; lastKnownFileType = sourcecode.swift; path = TestAFRequest.swift; sourceTree = "<group>"; };
		89ACC6AF2AAB71B7008C1E4A /* TestCoreDataStack.swift */ = {isa = PBXFileReference; lastKnownFileType = sourcecode.swift; path = TestCoreDataStack.swift; sourceTree = "<group>"; };
		89ACC6B12AAB71C4008C1E4A /* FakeResponse.swift */ = {isa = PBXFileReference; lastKnownFileType = sourcecode.swift; path = FakeResponse.swift; sourceTree = "<group>"; };
		89ACC6B32AAB71D3008C1E4A /* FakeResponseData.swift */ = {isa = PBXFileReference; lastKnownFileType = sourcecode.swift; path = FakeResponseData.swift; sourceTree = "<group>"; };
		89ACC6B52AAB72A5008C1E4A /* RecipeSessionFake.swift */ = {isa = PBXFileReference; lastKnownFileType = sourcecode.swift; path = RecipeSessionFake.swift; sourceTree = "<group>"; };
		89ACC6B72AAB7326008C1E4A /* RecipesSearch.json */ = {isa = PBXFileReference; lastKnownFileType = text.json; path = RecipesSearch.json; sourceTree = "<group>"; };
		89BBD0C42A587D03008F0376 /* GoogleService-Info.plist */ = {isa = PBXFileReference; fileEncoding = 4; lastKnownFileType = text.plist.xml; path = "GoogleService-Info.plist"; sourceTree = "<group>"; };
		89D3A7DA2A57023700BE11DD /* MealMaster.app */ = {isa = PBXFileReference; explicitFileType = wrapper.application; includeInIndex = 0; path = MealMaster.app; sourceTree = BUILT_PRODUCTS_DIR; };
		89D3A7DD2A57023700BE11DD /* AppDelegate.swift */ = {isa = PBXFileReference; lastKnownFileType = sourcecode.swift; path = AppDelegate.swift; sourceTree = "<group>"; };
		89D3A7DF2A57023700BE11DD /* SceneDelegate.swift */ = {isa = PBXFileReference; lastKnownFileType = sourcecode.swift; path = SceneDelegate.swift; sourceTree = "<group>"; };
		89D3A7E12A57023700BE11DD /* RecipesViewController.swift */ = {isa = PBXFileReference; lastKnownFileType = sourcecode.swift; path = RecipesViewController.swift; sourceTree = "<group>"; };
		89D3A7E72A57023700BE11DD /* MealMaster.xcdatamodel */ = {isa = PBXFileReference; lastKnownFileType = wrapper.xcdatamodel; path = MealMaster.xcdatamodel; sourceTree = "<group>"; };
		89D3A7E92A57023800BE11DD /* Assets.xcassets */ = {isa = PBXFileReference; lastKnownFileType = folder.assetcatalog; path = Assets.xcassets; sourceTree = "<group>"; };
		89D3A7EC2A57023800BE11DD /* Base */ = {isa = PBXFileReference; lastKnownFileType = file.storyboard; name = Base; path = Base.lproj/LaunchScreen.storyboard; sourceTree = "<group>"; };
		89D3A7EE2A57023800BE11DD /* Info.plist */ = {isa = PBXFileReference; lastKnownFileType = text.plist.xml; path = Info.plist; sourceTree = "<group>"; };
		89D3A7F32A57023800BE11DD /* MealMasterTests.xctest */ = {isa = PBXFileReference; explicitFileType = wrapper.cfbundle; includeInIndex = 0; path = MealMasterTests.xctest; sourceTree = BUILT_PRODUCTS_DIR; };
		89D3A7F72A57023900BE11DD /* SearchTests.swift */ = {isa = PBXFileReference; lastKnownFileType = sourcecode.swift; path = SearchTests.swift; sourceTree = "<group>"; };
		89D3A7FD2A57023900BE11DD /* MealMasterUITests.xctest */ = {isa = PBXFileReference; explicitFileType = wrapper.cfbundle; includeInIndex = 0; path = MealMasterUITests.xctest; sourceTree = BUILT_PRODUCTS_DIR; };
		89D3A8012A57023900BE11DD /* MealMasterUITests.swift */ = {isa = PBXFileReference; lastKnownFileType = sourcecode.swift; path = MealMasterUITests.swift; sourceTree = "<group>"; };
		89D3A8032A57023900BE11DD /* MealMasterUITestsLaunchTests.swift */ = {isa = PBXFileReference; lastKnownFileType = sourcecode.swift; path = MealMasterUITestsLaunchTests.swift; sourceTree = "<group>"; };
		89D3A8162A5703D500BE11DD /* Main Storyboard.storyboard */ = {isa = PBXFileReference; lastKnownFileType = file.storyboard; path = "Main Storyboard.storyboard"; sourceTree = "<group>"; };
		8A480AC5A27E367B18664322 /* Pods_MealMaster_MealMasterUITests.framework */ = {isa = PBXFileReference; explicitFileType = wrapper.framework; includeInIndex = 0; path = Pods_MealMaster_MealMasterUITests.framework; sourceTree = BUILT_PRODUCTS_DIR; };
		B41B7C9AA96F6806DA99D78A /* Pods-MealMasterTests.debug.xcconfig */ = {isa = PBXFileReference; includeInIndex = 1; lastKnownFileType = text.xcconfig; name = "Pods-MealMasterTests.debug.xcconfig"; path = "Target Support Files/Pods-MealMasterTests/Pods-MealMasterTests.debug.xcconfig"; sourceTree = "<group>"; };
		B4BAEF1FC08F946C802DFA53 /* Pods-MealMaster.debug.xcconfig */ = {isa = PBXFileReference; includeInIndex = 1; lastKnownFileType = text.xcconfig; name = "Pods-MealMaster.debug.xcconfig"; path = "Target Support Files/Pods-MealMaster/Pods-MealMaster.debug.xcconfig"; sourceTree = "<group>"; };
		DA5F65B2EF97A3B6022C7DF9 /* Pods-MealMaster-MealMasterUITests.release.xcconfig */ = {isa = PBXFileReference; includeInIndex = 1; lastKnownFileType = text.xcconfig; name = "Pods-MealMaster-MealMasterUITests.release.xcconfig"; path = "Target Support Files/Pods-MealMaster-MealMasterUITests/Pods-MealMaster-MealMasterUITests.release.xcconfig"; sourceTree = "<group>"; };
		DF2147EEF731071E57D5ADFA /* Pods-MealMaster-MealMasterUITests.debug.xcconfig */ = {isa = PBXFileReference; includeInIndex = 1; lastKnownFileType = text.xcconfig; name = "Pods-MealMaster-MealMasterUITests.debug.xcconfig"; path = "Target Support Files/Pods-MealMaster-MealMasterUITests/Pods-MealMaster-MealMasterUITests.debug.xcconfig"; sourceTree = "<group>"; };
		E971E9FBE3BF8A27F3B12C53 /* Pods-MealMaster.release.xcconfig */ = {isa = PBXFileReference; includeInIndex = 1; lastKnownFileType = text.xcconfig; name = "Pods-MealMaster.release.xcconfig"; path = "Target Support Files/Pods-MealMaster/Pods-MealMaster.release.xcconfig"; sourceTree = "<group>"; };
/* End PBXFileReference section */

/* Begin PBXFrameworksBuildPhase section */
		89D3A7D72A57023700BE11DD /* Frameworks */ = {
			isa = PBXFrameworksBuildPhase;
			buildActionMask = 2147483647;
			files = (
				89FED4B52AB48FDD009B652D /* FirebaseCrashlytics in Frameworks */,
				94FBEA760709C231F9B21F3F /* Pods_MealMaster.framework in Frameworks */,
			);
			runOnlyForDeploymentPostprocessing = 0;
		};
		89D3A7F02A57023800BE11DD /* Frameworks */ = {
			isa = PBXFrameworksBuildPhase;
			buildActionMask = 2147483647;
			files = (
				89FED4B92AB89418009B652D /* FirebaseCrashlytics in Frameworks */,
				89FED4B72AB8940F009B652D /* FirebaseAnalytics in Frameworks */,
				FE4B506717902345DA640EB4 /* Pods_MealMasterTests.framework in Frameworks */,
			);
			runOnlyForDeploymentPostprocessing = 0;
		};
		89D3A7FA2A57023900BE11DD /* Frameworks */ = {
			isa = PBXFrameworksBuildPhase;
			buildActionMask = 2147483647;
			files = (
				1B2597469C42F37E7880D510 /* Pods_MealMaster_MealMasterUITests.framework in Frameworks */,
			);
			runOnlyForDeploymentPostprocessing = 0;
		};
/* End PBXFrameworksBuildPhase section */

/* Begin PBXGroup section */
		89ACC6AC2AAB7181008C1E4A /* Helpers */ = {
			isa = PBXGroup;
			children = (
				89ACC6AD2AAB71A6008C1E4A /* TestAFRequest.swift */,
				89ACC6AF2AAB71B7008C1E4A /* TestCoreDataStack.swift */,
				89ACC6B12AAB71C4008C1E4A /* FakeResponse.swift */,
				89ACC6B32AAB71D3008C1E4A /* FakeResponseData.swift */,
				89ACC6B52AAB72A5008C1E4A /* RecipeSessionFake.swift */,
				89ACC6B72AAB7326008C1E4A /* RecipesSearch.json */,
				899365612AB0A611007EF59C /* FoodsSearch.json */,
			);
			path = Helpers;
			sourceTree = "<group>";
		};
		89D3A7D12A57023700BE11DD = {
			isa = PBXGroup;
			children = (
				89D3A7DC2A57023700BE11DD /* MealMaster */,
				89D3A8142A57036800BE11DD /* Supporting Files */,
				89D3A8102A57034600BE11DD /* Tests */,
				89D3A7DB2A57023700BE11DD /* Products */,
				C58422D42E6E2352FE72FBDE /* Pods */,
				B3F62F6DC96E8214DA8BA9A0 /* Frameworks */,
			);
			sourceTree = "<group>";
		};
		89D3A7DB2A57023700BE11DD /* Products */ = {
			isa = PBXGroup;
			children = (
				89D3A7DA2A57023700BE11DD /* MealMaster.app */,
				89D3A7F32A57023800BE11DD /* MealMasterTests.xctest */,
				89D3A7FD2A57023900BE11DD /* MealMasterUITests.xctest */,
			);
			name = Products;
			sourceTree = "<group>";
		};
		89D3A7DC2A57023700BE11DD /* MealMaster */ = {
			isa = PBXGroup;
			children = (
				89D3A8152A57039800BE11DD /* CoreData */,
				89D3A8112A57035600BE11DD /* Model */,
				89D3A8122A57035B00BE11DD /* View */,
				89D3A8132A57036000BE11DD /* Controller */,
			);
			path = MealMaster;
			sourceTree = "<group>";
		};
		89D3A7F62A57023900BE11DD /* MealMasterTests */ = {
			isa = PBXGroup;
			children = (
				894128522AAB77980075257F /* TestPlan.xctestplan */,
				89ACC6AC2AAB7181008C1E4A /* Helpers */,
				89D3A7F72A57023900BE11DD /* SearchTests.swift */,
				894128572AAB88690075257F /* CoreDataTests.swift */,
			);
			path = MealMasterTests;
			sourceTree = "<group>";
		};
		89D3A8002A57023900BE11DD /* MealMasterUITests */ = {
			isa = PBXGroup;
			children = (
				89D3A8012A57023900BE11DD /* MealMasterUITests.swift */,
				89D3A8032A57023900BE11DD /* MealMasterUITestsLaunchTests.swift */,
			);
			path = MealMasterUITests;
			sourceTree = "<group>";
		};
		89D3A8102A57034600BE11DD /* Tests */ = {
			isa = PBXGroup;
			children = (
				89D3A8002A57023900BE11DD /* MealMasterUITests */,
				89D3A7F62A57023900BE11DD /* MealMasterTests */,
			);
			path = Tests;
			sourceTree = "<group>";
		};
		89D3A8112A57035600BE11DD /* Model */ = {
			isa = PBXGroup;
			children = (
				898FC74C2A6579F000AD7422 /* AFSession.swift */,
				898FC7502A657D5D00AD7422 /* RecipeSearch.swift */,
				898FC7522A65831100AD7422 /* RecipeJSONCodable.swift */,
				89693E8B2A9E405000CB6FB9 /* FoodSearch.swift */,
				89693E892A9E368000CB6FB9 /* FoodJSONCodable.swift */,
				898FC7562A6583C300AD7422 /* CoreDataCRUD.swift */,
				8974A0F62A7169DA0044AEE4 /* Allergies.swift */,
			);
			path = Model;
			sourceTree = "<group>";
		};
		89D3A8122A57035B00BE11DD /* View */ = {
			isa = PBXGroup;
			children = (
				89D3A7EB2A57023800BE11DD /* LaunchScreen.storyboard */,
				89D3A8162A5703D500BE11DD /* Main Storyboard.storyboard */,
				899F63FD2A61A71300BE8E5A /* PlanningCollectionViewCell.swift */,
				89AA69EB2A71328A00F3E687 /* UserCollectionViewCell.swift */,
				899F63FB2A6043CE00BE8E5A /* RecipesTVCell.swift */,
				897A93872AA0C5FE00471718 /* FoodTableViewCell.swift */,
				89ACC6A82AA79366008C1E4A /* FridgeTableViewCell.swift */,
				89807EE92A86AF35007050B9 /* MealButton.swift */,
				89ACC6AA2AA79712008C1E4A /* FridgeButton.swift */,
			);
			path = View;
			sourceTree = "<group>";
		};
		89D3A8132A57036000BE11DD /* Controller */ = {
			isa = PBXGroup;
			children = (
				89AA69DE2A7019ED00F3E687 /* UserFavouriteListVC.swift */,
				89AA69DB2A7019ED00F3E687 /* UserViewController.swift */,
				89D3A7E12A57023700BE11DD /* RecipesViewController.swift */,
				898FC75C2A66DB2500AD7422 /* RecipeDetailVC.swift */,
				898FC75E2A67ED4300AD7422 /* RecipeForm.swift */,
				899F63F92A6037C600BE8E5A /* PlanningViewController.swift */,
				89AA69E92A70805B00F3E687 /* FridgeViewController.swift */,
				897A93892AA32CC400471718 /* FridgeSearchViewController.swift */,
				8974A0F82A71930D0044AEE4 /* UserCollectionView.swift */,
				892A28F22A7451C5003D4C19 /* PlanningCollectionView.swift */,
			);
			path = Controller;
			sourceTree = "<group>";
		};
		89D3A8142A57036800BE11DD /* Supporting Files */ = {
			isa = PBXGroup;
			children = (
				89D3A7DD2A57023700BE11DD /* AppDelegate.swift */,
				89D3A7EE2A57023800BE11DD /* Info.plist */,
				89D3A7E92A57023800BE11DD /* Assets.xcassets */,
				89D3A7DF2A57023700BE11DD /* SceneDelegate.swift */,
				89BBD0C42A587D03008F0376 /* GoogleService-Info.plist */,
				898FC75A2A6588F000AD7422 /* Errors.swift */,
				892A28F42A78180A003D4C19 /* Extensions.swift */,
				89807EE72A86A727007050B9 /* PlanningCellDelegate.swift */,
			);
			path = "Supporting Files";
			sourceTree = "<group>";
		};
		89D3A8152A57039800BE11DD /* CoreData */ = {
			isa = PBXGroup;
			children = (
				89D3A7E62A57023700BE11DD /* MealMaster.xcdatamodeld */,
				898FC74E2A657CDB00AD7422 /* CoreDataStack.swift */,
				898FC7582A65880300AD7422 /* Recipe.swift */,
				89AA69D32A7017A200F3E687 /* Favourite.swift */,
				89AA69D52A7017C000F3E687 /* PlanningDay.swift */,
				892A28F62A8292F8003D4C19 /* UserSettings.swift */,
				892A28F82A83A566003D4C19 /* PlanningMeal.swift */,
				89ACC6A42AA60C1D008C1E4A /* Food.swift */,
			);
			path = CoreData;
			sourceTree = "<group>";
		};
		B3F62F6DC96E8214DA8BA9A0 /* Frameworks */ = {
			isa = PBXGroup;
			children = (
				6F6B12BBB7338231E707C0D2 /* Pods_MealMaster.framework */,
				8A480AC5A27E367B18664322 /* Pods_MealMaster_MealMasterUITests.framework */,
				61F32902DB5F632E01F60014 /* Pods_MealMasterTests.framework */,
			);
			name = Frameworks;
			sourceTree = "<group>";
		};
		C58422D42E6E2352FE72FBDE /* Pods */ = {
			isa = PBXGroup;
			children = (
				B4BAEF1FC08F946C802DFA53 /* Pods-MealMaster.debug.xcconfig */,
				E971E9FBE3BF8A27F3B12C53 /* Pods-MealMaster.release.xcconfig */,
				DF2147EEF731071E57D5ADFA /* Pods-MealMaster-MealMasterUITests.debug.xcconfig */,
				DA5F65B2EF97A3B6022C7DF9 /* Pods-MealMaster-MealMasterUITests.release.xcconfig */,
				B41B7C9AA96F6806DA99D78A /* Pods-MealMasterTests.debug.xcconfig */,
				339C4390CD507A054B8651BF /* Pods-MealMasterTests.release.xcconfig */,
			);
			path = Pods;
			sourceTree = "<group>";
		};
/* End PBXGroup section */

/* Begin PBXNativeTarget section */
		89D3A7D92A57023700BE11DD /* MealMaster */ = {
			isa = PBXNativeTarget;
			buildConfigurationList = 89D3A8072A57023900BE11DD /* Build configuration list for PBXNativeTarget "MealMaster" */;
			buildPhases = (
				837952380600CD5E1471814E /* [CP] Check Pods Manifest.lock */,
				89D3A7D62A57023700BE11DD /* Sources */,
				89D3A7D72A57023700BE11DD /* Frameworks */,
				89D3A7D82A57023700BE11DD /* Resources */,
				89BBD0C82A587F19008F0376 /* ShellScript */,
				B02B01D433DE43388C6BA9E9 /* [CP] Embed Pods Frameworks */,
			);
			buildRules = (
			);
			dependencies = (
			);
			name = MealMaster;
			packageProductDependencies = (
				89FED4B42AB48FDD009B652D /* FirebaseCrashlytics */,
			);
			productName = MealMaster;
			productReference = 89D3A7DA2A57023700BE11DD /* MealMaster.app */;
			productType = "com.apple.product-type.application";
		};
		89D3A7F22A57023800BE11DD /* MealMasterTests */ = {
			isa = PBXNativeTarget;
			buildConfigurationList = 89D3A80A2A57023900BE11DD /* Build configuration list for PBXNativeTarget "MealMasterTests" */;
			buildPhases = (
				CB5AC31F8656A6E8FDCFC1C8 /* [CP] Check Pods Manifest.lock */,
				89D3A7EF2A57023800BE11DD /* Sources */,
				89D3A7F02A57023800BE11DD /* Frameworks */,
				89D3A7F12A57023800BE11DD /* Resources */,
			);
			buildRules = (
			);
			dependencies = (
				89D3A7F52A57023900BE11DD /* PBXTargetDependency */,
			);
			name = MealMasterTests;
			packageProductDependencies = (
				89FED4B62AB8940F009B652D /* FirebaseAnalytics */,
				89FED4B82AB89418009B652D /* FirebaseCrashlytics */,
			);
			productName = MealMasterTests;
			productReference = 89D3A7F32A57023800BE11DD /* MealMasterTests.xctest */;
			productType = "com.apple.product-type.bundle.unit-test";
		};
		89D3A7FC2A57023900BE11DD /* MealMasterUITests */ = {
			isa = PBXNativeTarget;
			buildConfigurationList = 89D3A80D2A57023900BE11DD /* Build configuration list for PBXNativeTarget "MealMasterUITests" */;
			buildPhases = (
				C30BA334648663C4180E051A /* [CP] Check Pods Manifest.lock */,
				89D3A7F92A57023900BE11DD /* Sources */,
				89D3A7FA2A57023900BE11DD /* Frameworks */,
				89D3A7FB2A57023900BE11DD /* Resources */,
				EEFFA0365ADD3FE4D02F82D6 /* [CP] Embed Pods Frameworks */,
			);
			buildRules = (
			);
			dependencies = (
				89D3A7FF2A57023900BE11DD /* PBXTargetDependency */,
			);
			name = MealMasterUITests;
			productName = MealMasterUITests;
			productReference = 89D3A7FD2A57023900BE11DD /* MealMasterUITests.xctest */;
			productType = "com.apple.product-type.bundle.ui-testing";
		};
/* End PBXNativeTarget section */

/* Begin PBXProject section */
		89D3A7D22A57023700BE11DD /* Project object */ = {
			isa = PBXProject;
			attributes = {
				BuildIndependentTargetsInParallel = 1;
				LastSwiftUpdateCheck = 1430;
				LastUpgradeCheck = 1430;
				TargetAttributes = {
					89D3A7D92A57023700BE11DD = {
						CreatedOnToolsVersion = 14.3.1;
					};
					89D3A7F22A57023800BE11DD = {
						CreatedOnToolsVersion = 14.3.1;
						TestTargetID = 89D3A7D92A57023700BE11DD;
					};
					89D3A7FC2A57023900BE11DD = {
						CreatedOnToolsVersion = 14.3.1;
						TestTargetID = 89D3A7D92A57023700BE11DD;
					};
				};
			};
			buildConfigurationList = 89D3A7D52A57023700BE11DD /* Build configuration list for PBXProject "MealMaster" */;
			compatibilityVersion = "Xcode 14.0";
			developmentRegion = en;
			hasScannedForEncodings = 0;
			knownRegions = (
				en,
				Base,
			);
			mainGroup = 89D3A7D12A57023700BE11DD;
			packageReferences = (
				89FED4B32AB48FDD009B652D /* XCRemoteSwiftPackageReference "firebase-ios-sdk" */,
			);
			productRefGroup = 89D3A7DB2A57023700BE11DD /* Products */;
			projectDirPath = "";
			projectRoot = "";
			targets = (
				89D3A7D92A57023700BE11DD /* MealMaster */,
				89D3A7F22A57023800BE11DD /* MealMasterTests */,
				89D3A7FC2A57023900BE11DD /* MealMasterUITests */,
			);
		};
/* End PBXProject section */

/* Begin PBXResourcesBuildPhase section */
		89D3A7D82A57023700BE11DD /* Resources */ = {
			isa = PBXResourcesBuildPhase;
			buildActionMask = 2147483647;
			files = (
				89ACC6B82AAB7326008C1E4A /* RecipesSearch.json in Resources */,
				89D3A7ED2A57023800BE11DD /* LaunchScreen.storyboard in Resources */,
				89BBD0C52A587D04008F0376 /* GoogleService-Info.plist in Resources */,
				899365652AB0A8E5007EF59C /* FoodsSearch.json in Resources */,
				89D3A7EA2A57023800BE11DD /* Assets.xcassets in Resources */,
				89D3A8172A5703D500BE11DD /* Main Storyboard.storyboard in Resources */,
			);
			runOnlyForDeploymentPostprocessing = 0;
		};
		89D3A7F12A57023800BE11DD /* Resources */ = {
			isa = PBXResourcesBuildPhase;
			buildActionMask = 2147483647;
			files = (
				89BBD0C62A587D04008F0376 /* GoogleService-Info.plist in Resources */,
			);
			runOnlyForDeploymentPostprocessing = 0;
		};
		89D3A7FB2A57023900BE11DD /* Resources */ = {
			isa = PBXResourcesBuildPhase;
			buildActionMask = 2147483647;
			files = (
				89BBD0C72A587D04008F0376 /* GoogleService-Info.plist in Resources */,
			);
			runOnlyForDeploymentPostprocessing = 0;
		};
/* End PBXResourcesBuildPhase section */

/* Begin PBXShellScriptBuildPhase section */
		837952380600CD5E1471814E /* [CP] Check Pods Manifest.lock */ = {
			isa = PBXShellScriptBuildPhase;
			buildActionMask = 2147483647;
			files = (
			);
			inputFileListPaths = (
			);
			inputPaths = (
				"${PODS_PODFILE_DIR_PATH}/Podfile.lock",
				"${PODS_ROOT}/Manifest.lock",
			);
			name = "[CP] Check Pods Manifest.lock";
			outputFileListPaths = (
			);
			outputPaths = (
				"$(DERIVED_FILE_DIR)/Pods-MealMaster-checkManifestLockResult.txt",
			);
			runOnlyForDeploymentPostprocessing = 0;
			shellPath = /bin/sh;
			shellScript = "diff \"${PODS_PODFILE_DIR_PATH}/Podfile.lock\" \"${PODS_ROOT}/Manifest.lock\" > /dev/null\nif [ $? != 0 ] ; then\n    # print error to STDERR\n    echo \"error: The sandbox is not in sync with the Podfile.lock. Run 'pod install' or update your CocoaPods installation.\" >&2\n    exit 1\nfi\n# This output is used by Xcode 'outputs' to avoid re-running this script phase.\necho \"SUCCESS\" > \"${SCRIPT_OUTPUT_FILE_0}\"\n";
			showEnvVarsInLog = 0;
		};
		89BBD0C82A587F19008F0376 /* ShellScript */ = {
			isa = PBXShellScriptBuildPhase;
			buildActionMask = 8;
			files = (
			);
			inputFileListPaths = (
			);
			inputPaths = (
				"${DWARF_DSYM_FOLDER_PATH}/${DWARF_DSYM_FILE_NAME}",
				"${DWARF_DSYM_FOLDER_PATH}/${DWARF_DSYM_FILE_NAME}/Contents/Resources/DWARF/${PRODUCT_NAME}",
				"${DWARF_DSYM_FOLDER_PATH}/${DWARF_DSYM_FILE_NAME}/Contents/Info.plist",
				"$(BUILT_PRODUCTS_DIR)/$(UNLOCALIZED_RESOURCES_FOLDER_PATH)/GoogleService-Info.plist",
				"$(BUILT_PRODUCTS_DIR)/$(EXECUTABLE_PATH)",
			);
			outputFileListPaths = (
			);
			outputPaths = (
			);
			runOnlyForDeploymentPostprocessing = 1;
			shellPath = /bin/sh;
			shellScript = "\"${BUILD_DIR%/Build/*}/SourcePackages/checkouts/firebase-ios-sdk/Crashlytics/run\"\n";
		};
		B02B01D433DE43388C6BA9E9 /* [CP] Embed Pods Frameworks */ = {
			isa = PBXShellScriptBuildPhase;
			buildActionMask = 2147483647;
			files = (
			);
			inputFileListPaths = (
				"${PODS_ROOT}/Target Support Files/Pods-MealMaster/Pods-MealMaster-frameworks-${CONFIGURATION}-input-files.xcfilelist",
			);
			name = "[CP] Embed Pods Frameworks";
			outputFileListPaths = (
				"${PODS_ROOT}/Target Support Files/Pods-MealMaster/Pods-MealMaster-frameworks-${CONFIGURATION}-output-files.xcfilelist",
			);
			runOnlyForDeploymentPostprocessing = 0;
			shellPath = /bin/sh;
			shellScript = "\"${PODS_ROOT}/Target Support Files/Pods-MealMaster/Pods-MealMaster-frameworks.sh\"\n";
			showEnvVarsInLog = 0;
		};
		C30BA334648663C4180E051A /* [CP] Check Pods Manifest.lock */ = {
			isa = PBXShellScriptBuildPhase;
			buildActionMask = 2147483647;
			files = (
			);
			inputFileListPaths = (
			);
			inputPaths = (
				"${PODS_PODFILE_DIR_PATH}/Podfile.lock",
				"${PODS_ROOT}/Manifest.lock",
			);
			name = "[CP] Check Pods Manifest.lock";
			outputFileListPaths = (
			);
			outputPaths = (
				"$(DERIVED_FILE_DIR)/Pods-MealMaster-MealMasterUITests-checkManifestLockResult.txt",
			);
			runOnlyForDeploymentPostprocessing = 0;
			shellPath = /bin/sh;
			shellScript = "diff \"${PODS_PODFILE_DIR_PATH}/Podfile.lock\" \"${PODS_ROOT}/Manifest.lock\" > /dev/null\nif [ $? != 0 ] ; then\n    # print error to STDERR\n    echo \"error: The sandbox is not in sync with the Podfile.lock. Run 'pod install' or update your CocoaPods installation.\" >&2\n    exit 1\nfi\n# This output is used by Xcode 'outputs' to avoid re-running this script phase.\necho \"SUCCESS\" > \"${SCRIPT_OUTPUT_FILE_0}\"\n";
			showEnvVarsInLog = 0;
		};
		CB5AC31F8656A6E8FDCFC1C8 /* [CP] Check Pods Manifest.lock */ = {
			isa = PBXShellScriptBuildPhase;
			buildActionMask = 2147483647;
			files = (
			);
			inputFileListPaths = (
			);
			inputPaths = (
				"${PODS_PODFILE_DIR_PATH}/Podfile.lock",
				"${PODS_ROOT}/Manifest.lock",
			);
			name = "[CP] Check Pods Manifest.lock";
			outputFileListPaths = (
			);
			outputPaths = (
				"$(DERIVED_FILE_DIR)/Pods-MealMasterTests-checkManifestLockResult.txt",
			);
			runOnlyForDeploymentPostprocessing = 0;
			shellPath = /bin/sh;
			shellScript = "diff \"${PODS_PODFILE_DIR_PATH}/Podfile.lock\" \"${PODS_ROOT}/Manifest.lock\" > /dev/null\nif [ $? != 0 ] ; then\n    # print error to STDERR\n    echo \"error: The sandbox is not in sync with the Podfile.lock. Run 'pod install' or update your CocoaPods installation.\" >&2\n    exit 1\nfi\n# This output is used by Xcode 'outputs' to avoid re-running this script phase.\necho \"SUCCESS\" > \"${SCRIPT_OUTPUT_FILE_0}\"\n";
			showEnvVarsInLog = 0;
		};
		EEFFA0365ADD3FE4D02F82D6 /* [CP] Embed Pods Frameworks */ = {
			isa = PBXShellScriptBuildPhase;
			buildActionMask = 2147483647;
			files = (
			);
			inputFileListPaths = (
				"${PODS_ROOT}/Target Support Files/Pods-MealMaster-MealMasterUITests/Pods-MealMaster-MealMasterUITests-frameworks-${CONFIGURATION}-input-files.xcfilelist",
			);
			name = "[CP] Embed Pods Frameworks";
			outputFileListPaths = (
				"${PODS_ROOT}/Target Support Files/Pods-MealMaster-MealMasterUITests/Pods-MealMaster-MealMasterUITests-frameworks-${CONFIGURATION}-output-files.xcfilelist",
			);
			runOnlyForDeploymentPostprocessing = 0;
			shellPath = /bin/sh;
			shellScript = "\"${PODS_ROOT}/Target Support Files/Pods-MealMaster-MealMasterUITests/Pods-MealMaster-MealMasterUITests-frameworks.sh\"\n";
			showEnvVarsInLog = 0;
		};
/* End PBXShellScriptBuildPhase section */

/* Begin PBXSourcesBuildPhase section */
		89D3A7D62A57023700BE11DD /* Sources */ = {
			isa = PBXSourcesBuildPhase;
			buildActionMask = 2147483647;
			files = (
				89ACC6A92AA79366008C1E4A /* FridgeTableViewCell.swift in Sources */,
				89ACC6B62AAB72A5008C1E4A /* RecipeSessionFake.swift in Sources */,
				897A938A2AA32CC400471718 /* FridgeSearchViewController.swift in Sources */,
				89D3A7E22A57023700BE11DD /* RecipesViewController.swift in Sources */,
				89AA69D42A7017A200F3E687 /* Favourite.swift in Sources */,
				898FC7572A6583C300AD7422 /* CoreDataCRUD.swift in Sources */,
				89D3A7DE2A57023700BE11DD /* AppDelegate.swift in Sources */,
				89AA69EC2A71328A00F3E687 /* UserCollectionViewCell.swift in Sources */,
				898FC75D2A66DB2500AD7422 /* RecipeDetailVC.swift in Sources */,
				89ACC6A52AA60C1D008C1E4A /* Food.swift in Sources */,
				897A93882AA0C5FE00471718 /* FoodTableViewCell.swift in Sources */,
				8974A0F72A7169DA0044AEE4 /* Allergies.swift in Sources */,
				89AA69EA2A70805B00F3E687 /* FridgeViewController.swift in Sources */,
				89AA69E62A7019ED00F3E687 /* UserFavouriteListVC.swift in Sources */,
				89693E8C2A9E405000CB6FB9 /* FoodSearch.swift in Sources */,
				8974A0F92A71930D0044AEE4 /* UserCollectionView.swift in Sources */,
				89ACC6B42AAB71D3008C1E4A /* FakeResponseData.swift in Sources */,
				89D3A7E82A57023700BE11DD /* MealMaster.xcdatamodeld in Sources */,
				89693E8A2A9E368000CB6FB9 /* FoodJSONCodable.swift in Sources */,
				898FC74F2A657CDB00AD7422 /* CoreDataStack.swift in Sources */,
				89ACC6AE2AAB71A6008C1E4A /* TestAFRequest.swift in Sources */,
				899F63FC2A6043CE00BE8E5A /* RecipesTVCell.swift in Sources */,
				892A28F72A8292F8003D4C19 /* UserSettings.swift in Sources */,
				898FC75F2A67ED4300AD7422 /* RecipeForm.swift in Sources */,
				898FC7512A657D5D00AD7422 /* RecipeSearch.swift in Sources */,
				898FC75B2A6588F000AD7422 /* Errors.swift in Sources */,
				898FC7532A65831100AD7422 /* RecipeJSONCodable.swift in Sources */,
				89D3A7E02A57023700BE11DD /* SceneDelegate.swift in Sources */,
				89ACC6B02AAB71B7008C1E4A /* TestCoreDataStack.swift in Sources */,
				898FC74D2A6579F000AD7422 /* AFSession.swift in Sources */,
				89ACC6AB2AA79712008C1E4A /* FridgeButton.swift in Sources */,
				892A28F92A83A566003D4C19 /* PlanningMeal.swift in Sources */,
				898FC7592A65880300AD7422 /* Recipe.swift in Sources */,
				899F63FE2A61A71300BE8E5A /* PlanningCollectionViewCell.swift in Sources */,
				892A28F52A78180A003D4C19 /* Extensions.swift in Sources */,
				89AA69E32A7019ED00F3E687 /* UserViewController.swift in Sources */,
				899F63FA2A6037C600BE8E5A /* PlanningViewController.swift in Sources */,
				89ACC6B22AAB71C4008C1E4A /* FakeResponse.swift in Sources */,
				89807EEA2A86AF35007050B9 /* MealButton.swift in Sources */,
				89AA69D62A7017C000F3E687 /* PlanningDay.swift in Sources */,
				892A28F32A7451C5003D4C19 /* PlanningCollectionView.swift in Sources */,
				89807EE82A86A727007050B9 /* PlanningCellDelegate.swift in Sources */,
			);
			runOnlyForDeploymentPostprocessing = 0;
		};
		89D3A7EF2A57023800BE11DD /* Sources */ = {
			isa = PBXSourcesBuildPhase;
			buildActionMask = 2147483647;
			files = (
				89D3A7F82A57023900BE11DD /* SearchTests.swift in Sources */,
				894128582AAB88690075257F /* CoreDataTests.swift in Sources */,
			);
			runOnlyForDeploymentPostprocessing = 0;
		};
		89D3A7F92A57023900BE11DD /* Sources */ = {
			isa = PBXSourcesBuildPhase;
			buildActionMask = 2147483647;
			files = (
				89D3A8022A57023900BE11DD /* MealMasterUITests.swift in Sources */,
				89D3A8042A57023900BE11DD /* MealMasterUITestsLaunchTests.swift in Sources */,
			);
			runOnlyForDeploymentPostprocessing = 0;
		};
/* End PBXSourcesBuildPhase section */

/* Begin PBXTargetDependency section */
		89D3A7F52A57023900BE11DD /* PBXTargetDependency */ = {
			isa = PBXTargetDependency;
			target = 89D3A7D92A57023700BE11DD /* MealMaster */;
			targetProxy = 89D3A7F42A57023900BE11DD /* PBXContainerItemProxy */;
		};
		89D3A7FF2A57023900BE11DD /* PBXTargetDependency */ = {
			isa = PBXTargetDependency;
			target = 89D3A7D92A57023700BE11DD /* MealMaster */;
			targetProxy = 89D3A7FE2A57023900BE11DD /* PBXContainerItemProxy */;
		};
/* End PBXTargetDependency section */

/* Begin PBXVariantGroup section */
		89D3A7EB2A57023800BE11DD /* LaunchScreen.storyboard */ = {
			isa = PBXVariantGroup;
			children = (
				89D3A7EC2A57023800BE11DD /* Base */,
			);
			name = LaunchScreen.storyboard;
			sourceTree = "<group>";
		};
/* End PBXVariantGroup section */

/* Begin XCBuildConfiguration section */
		89D3A8052A57023900BE11DD /* Debug */ = {
			isa = XCBuildConfiguration;
			buildSettings = {
				ALWAYS_SEARCH_USER_PATHS = NO;
				CLANG_ANALYZER_NONNULL = YES;
				CLANG_ANALYZER_NUMBER_OBJECT_CONVERSION = YES_AGGRESSIVE;
				CLANG_CXX_LANGUAGE_STANDARD = "gnu++20";
				CLANG_ENABLE_MODULES = YES;
				CLANG_ENABLE_OBJC_ARC = YES;
				CLANG_ENABLE_OBJC_WEAK = YES;
				CLANG_WARN_BLOCK_CAPTURE_AUTORELEASING = YES;
				CLANG_WARN_BOOL_CONVERSION = YES;
				CLANG_WARN_COMMA = YES;
				CLANG_WARN_CONSTANT_CONVERSION = YES;
				CLANG_WARN_DEPRECATED_OBJC_IMPLEMENTATIONS = YES;
				CLANG_WARN_DIRECT_OBJC_ISA_USAGE = YES_ERROR;
				CLANG_WARN_DOCUMENTATION_COMMENTS = YES;
				CLANG_WARN_EMPTY_BODY = YES;
				CLANG_WARN_ENUM_CONVERSION = YES;
				CLANG_WARN_INFINITE_RECURSION = YES;
				CLANG_WARN_INT_CONVERSION = YES;
				CLANG_WARN_NON_LITERAL_NULL_CONVERSION = YES;
				CLANG_WARN_OBJC_IMPLICIT_RETAIN_SELF = YES;
				CLANG_WARN_OBJC_LITERAL_CONVERSION = YES;
				CLANG_WARN_OBJC_ROOT_CLASS = YES_ERROR;
				CLANG_WARN_QUOTED_INCLUDE_IN_FRAMEWORK_HEADER = YES;
				CLANG_WARN_RANGE_LOOP_ANALYSIS = YES;
				CLANG_WARN_STRICT_PROTOTYPES = YES;
				CLANG_WARN_SUSPICIOUS_MOVE = YES;
				CLANG_WARN_UNGUARDED_AVAILABILITY = YES_AGGRESSIVE;
				CLANG_WARN_UNREACHABLE_CODE = YES;
				CLANG_WARN__DUPLICATE_METHOD_MATCH = YES;
				COPY_PHASE_STRIP = NO;
				DEBUG_INFORMATION_FORMAT = dwarf;
				ENABLE_STRICT_OBJC_MSGSEND = YES;
				ENABLE_TESTABILITY = YES;
				GCC_C_LANGUAGE_STANDARD = gnu11;
				GCC_DYNAMIC_NO_PIC = NO;
				GCC_NO_COMMON_BLOCKS = YES;
				GCC_OPTIMIZATION_LEVEL = 0;
				GCC_PREPROCESSOR_DEFINITIONS = (
					"DEBUG=1",
					"$(inherited)",
				);
				GCC_WARN_64_TO_32_BIT_CONVERSION = YES;
				GCC_WARN_ABOUT_RETURN_TYPE = YES_ERROR;
				GCC_WARN_UNDECLARED_SELECTOR = YES;
				GCC_WARN_UNINITIALIZED_AUTOS = YES_AGGRESSIVE;
				GCC_WARN_UNUSED_FUNCTION = YES;
				GCC_WARN_UNUSED_VARIABLE = YES;
				IPHONEOS_DEPLOYMENT_TARGET = 14.0;
				MTL_ENABLE_DEBUG_INFO = INCLUDE_SOURCE;
				MTL_FAST_MATH = YES;
				ONLY_ACTIVE_ARCH = YES;
				SDKROOT = iphoneos;
				SWIFT_ACTIVE_COMPILATION_CONDITIONS = DEBUG;
				SWIFT_OPTIMIZATION_LEVEL = "-Onone";
			};
			name = Debug;
		};
		89D3A8062A57023900BE11DD /* Release */ = {
			isa = XCBuildConfiguration;
			buildSettings = {
				ALWAYS_SEARCH_USER_PATHS = NO;
				CLANG_ANALYZER_NONNULL = YES;
				CLANG_ANALYZER_NUMBER_OBJECT_CONVERSION = YES_AGGRESSIVE;
				CLANG_CXX_LANGUAGE_STANDARD = "gnu++20";
				CLANG_ENABLE_MODULES = YES;
				CLANG_ENABLE_OBJC_ARC = YES;
				CLANG_ENABLE_OBJC_WEAK = YES;
				CLANG_WARN_BLOCK_CAPTURE_AUTORELEASING = YES;
				CLANG_WARN_BOOL_CONVERSION = YES;
				CLANG_WARN_COMMA = YES;
				CLANG_WARN_CONSTANT_CONVERSION = YES;
				CLANG_WARN_DEPRECATED_OBJC_IMPLEMENTATIONS = YES;
				CLANG_WARN_DIRECT_OBJC_ISA_USAGE = YES_ERROR;
				CLANG_WARN_DOCUMENTATION_COMMENTS = YES;
				CLANG_WARN_EMPTY_BODY = YES;
				CLANG_WARN_ENUM_CONVERSION = YES;
				CLANG_WARN_INFINITE_RECURSION = YES;
				CLANG_WARN_INT_CONVERSION = YES;
				CLANG_WARN_NON_LITERAL_NULL_CONVERSION = YES;
				CLANG_WARN_OBJC_IMPLICIT_RETAIN_SELF = YES;
				CLANG_WARN_OBJC_LITERAL_CONVERSION = YES;
				CLANG_WARN_OBJC_ROOT_CLASS = YES_ERROR;
				CLANG_WARN_QUOTED_INCLUDE_IN_FRAMEWORK_HEADER = YES;
				CLANG_WARN_RANGE_LOOP_ANALYSIS = YES;
				CLANG_WARN_STRICT_PROTOTYPES = YES;
				CLANG_WARN_SUSPICIOUS_MOVE = YES;
				CLANG_WARN_UNGUARDED_AVAILABILITY = YES_AGGRESSIVE;
				CLANG_WARN_UNREACHABLE_CODE = YES;
				CLANG_WARN__DUPLICATE_METHOD_MATCH = YES;
				COPY_PHASE_STRIP = NO;
				DEBUG_INFORMATION_FORMAT = "dwarf-with-dsym";
				ENABLE_NS_ASSERTIONS = NO;
				ENABLE_STRICT_OBJC_MSGSEND = YES;
				GCC_C_LANGUAGE_STANDARD = gnu11;
				GCC_NO_COMMON_BLOCKS = YES;
				GCC_WARN_64_TO_32_BIT_CONVERSION = YES;
				GCC_WARN_ABOUT_RETURN_TYPE = YES_ERROR;
				GCC_WARN_UNDECLARED_SELECTOR = YES;
				GCC_WARN_UNINITIALIZED_AUTOS = YES_AGGRESSIVE;
				GCC_WARN_UNUSED_FUNCTION = YES;
				GCC_WARN_UNUSED_VARIABLE = YES;
				IPHONEOS_DEPLOYMENT_TARGET = 14.0;
				MTL_ENABLE_DEBUG_INFO = NO;
				MTL_FAST_MATH = YES;
				SDKROOT = iphoneos;
				SWIFT_COMPILATION_MODE = wholemodule;
				SWIFT_OPTIMIZATION_LEVEL = "-O";
				VALIDATE_PRODUCT = YES;
			};
			name = Release;
		};
		89D3A8082A57023900BE11DD /* Debug */ = {
			isa = XCBuildConfiguration;
			baseConfigurationReference = B4BAEF1FC08F946C802DFA53 /* Pods-MealMaster.debug.xcconfig */;
			buildSettings = {
				ASSETCATALOG_COMPILER_APPICON_NAME = AppIcon;
				ASSETCATALOG_COMPILER_GLOBAL_ACCENT_COLOR_NAME = AccentColor;
				CODE_SIGN_STYLE = Automatic;
				CURRENT_PROJECT_VERSION = 1;
				DEBUG_INFORMATION_FORMAT = "dwarf-with-dsym";
				DEVELOPMENT_TEAM = 7366265M49;
				GENERATE_INFOPLIST_FILE = YES;
				INFOPLIST_FILE = "Supporting Files/Info.plist";
				INFOPLIST_KEY_UIApplicationSupportsIndirectInputEvents = YES;
				INFOPLIST_KEY_UILaunchStoryboardName = "Main Storyboard.storyboard";
				INFOPLIST_KEY_UIMainStoryboardFile = "";
				INFOPLIST_KEY_UISupportedInterfaceOrientations = UIInterfaceOrientationPortrait;
				IPHONEOS_DEPLOYMENT_TARGET = 14.0;
				LD_RUNPATH_SEARCH_PATHS = (
					"$(inherited)",
					"@executable_path/Frameworks",
				);
				MARKETING_VERSION = 1.0;
				PRODUCT_BUNDLE_IDENTIFIER = com.maximegirard.MealMaster;
				PRODUCT_NAME = "$(TARGET_NAME)";
				SWIFT_EMIT_LOC_STRINGS = YES;
				SWIFT_VERSION = 5.0;
				TARGETED_DEVICE_FAMILY = "1,2";
			};
			name = Debug;
		};
		89D3A8092A57023900BE11DD /* Release */ = {
			isa = XCBuildConfiguration;
			baseConfigurationReference = E971E9FBE3BF8A27F3B12C53 /* Pods-MealMaster.release.xcconfig */;
			buildSettings = {
				ASSETCATALOG_COMPILER_APPICON_NAME = AppIcon;
				ASSETCATALOG_COMPILER_GLOBAL_ACCENT_COLOR_NAME = AccentColor;
				CODE_SIGN_STYLE = Automatic;
				CURRENT_PROJECT_VERSION = 1;
				DEBUG_INFORMATION_FORMAT = "dwarf-with-dsym";
				DEVELOPMENT_TEAM = 7366265M49;
				GENERATE_INFOPLIST_FILE = YES;
				INFOPLIST_FILE = "Supporting Files/Info.plist";
				INFOPLIST_KEY_UIApplicationSupportsIndirectInputEvents = YES;
				INFOPLIST_KEY_UILaunchStoryboardName = "Main Storyboard.storyboard";
				INFOPLIST_KEY_UIMainStoryboardFile = "";
				INFOPLIST_KEY_UISupportedInterfaceOrientations = UIInterfaceOrientationPortrait;
				IPHONEOS_DEPLOYMENT_TARGET = 14.0;
				LD_RUNPATH_SEARCH_PATHS = (
					"$(inherited)",
					"@executable_path/Frameworks",
				);
				MARKETING_VERSION = 1.0;
				PRODUCT_BUNDLE_IDENTIFIER = com.maximegirard.MealMaster;
				PRODUCT_NAME = "$(TARGET_NAME)";
				SWIFT_EMIT_LOC_STRINGS = YES;
				SWIFT_VERSION = 5.0;
				TARGETED_DEVICE_FAMILY = "1,2";
			};
			name = Release;
		};
		89D3A80B2A57023900BE11DD /* Debug */ = {
			isa = XCBuildConfiguration;
			baseConfigurationReference = B41B7C9AA96F6806DA99D78A /* Pods-MealMasterTests.debug.xcconfig */;
			buildSettings = {
				ALWAYS_EMBED_SWIFT_STANDARD_LIBRARIES = YES;
				BUNDLE_LOADER = "$(TEST_HOST)";
				CODE_SIGN_STYLE = Automatic;
				CURRENT_PROJECT_VERSION = 1;
				DEVELOPMENT_TEAM = 7366265M49;
				GENERATE_INFOPLIST_FILE = YES;
				HEADER_SEARCH_PATHS = (
					"$(inherited)",
					"\"${PODS_CONFIGURATION_BUILD_DIR}/Alamofire/Alamofire.framework/Headers\"",
					"\"${PODS_CONFIGURATION_BUILD_DIR}/AlamofireImage/AlamofireImage.framework/Headers\"",
					HEADER_SEARCH_PATHS,
					"=",
					"\"${PODS_ROOT}/Firebase/CoreOnly/Sources\"",
				);
				IPHONEOS_DEPLOYMENT_TARGET = 14.0;
				MARKETING_VERSION = 1.0;
				PRODUCT_BUNDLE_IDENTIFIER = com.maximegirard.MealMasterTests;
				PRODUCT_NAME = "$(TARGET_NAME)";
				SWIFT_EMIT_LOC_STRINGS = NO;
				SWIFT_VERSION = 5.0;
				TARGETED_DEVICE_FAMILY = "1,2";
				TEST_HOST = "$(BUILT_PRODUCTS_DIR)/MealMaster.app/$(BUNDLE_EXECUTABLE_FOLDER_PATH)/MealMaster";
			};
			name = Debug;
		};
		89D3A80C2A57023900BE11DD /* Release */ = {
			isa = XCBuildConfiguration;
			baseConfigurationReference = 339C4390CD507A054B8651BF /* Pods-MealMasterTests.release.xcconfig */;
			buildSettings = {
				ALWAYS_EMBED_SWIFT_STANDARD_LIBRARIES = YES;
				BUNDLE_LOADER = "$(TEST_HOST)";
				CODE_SIGN_STYLE = Automatic;
				CURRENT_PROJECT_VERSION = 1;
				DEVELOPMENT_TEAM = 7366265M49;
				GENERATE_INFOPLIST_FILE = YES;
				HEADER_SEARCH_PATHS = (
					"$(inherited)",
					"\"${PODS_CONFIGURATION_BUILD_DIR}/Alamofire/Alamofire.framework/Headers\"",
					"\"${PODS_CONFIGURATION_BUILD_DIR}/AlamofireImage/AlamofireImage.framework/Headers\"",
					HEADER_SEARCH_PATHS,
					"=",
					"\"${PODS_ROOT}/Firebase/CoreOnly/Sources\"",
				);
				IPHONEOS_DEPLOYMENT_TARGET = 14.0;
				MARKETING_VERSION = 1.0;
				PRODUCT_BUNDLE_IDENTIFIER = com.maximegirard.MealMasterTests;
				PRODUCT_NAME = "$(TARGET_NAME)";
				SWIFT_EMIT_LOC_STRINGS = NO;
				SWIFT_VERSION = 5.0;
				TARGETED_DEVICE_FAMILY = "1,2";
				TEST_HOST = "$(BUILT_PRODUCTS_DIR)/MealMaster.app/$(BUNDLE_EXECUTABLE_FOLDER_PATH)/MealMaster";
			};
			name = Release;
		};
		89D3A80E2A57023900BE11DD /* Debug */ = {
			isa = XCBuildConfiguration;
			baseConfigurationReference = DF2147EEF731071E57D5ADFA /* Pods-MealMaster-MealMasterUITests.debug.xcconfig */;
			buildSettings = {
				ALWAYS_EMBED_SWIFT_STANDARD_LIBRARIES = YES;
				CODE_SIGN_STYLE = Automatic;
				CURRENT_PROJECT_VERSION = 1;
				DEVELOPMENT_TEAM = 7366265M49;
				GENERATE_INFOPLIST_FILE = YES;
				MARKETING_VERSION = 1.0;
				PRODUCT_BUNDLE_IDENTIFIER = com.maximegirard.MealMasterUITests;
				PRODUCT_NAME = "$(TARGET_NAME)";
				SWIFT_EMIT_LOC_STRINGS = NO;
				SWIFT_VERSION = 5.0;
				TARGETED_DEVICE_FAMILY = "1,2";
				TEST_TARGET_NAME = MealMaster;
			};
			name = Debug;
		};
		89D3A80F2A57023900BE11DD /* Release */ = {
			isa = XCBuildConfiguration;
			baseConfigurationReference = DA5F65B2EF97A3B6022C7DF9 /* Pods-MealMaster-MealMasterUITests.release.xcconfig */;
			buildSettings = {
				ALWAYS_EMBED_SWIFT_STANDARD_LIBRARIES = YES;
				CODE_SIGN_STYLE = Automatic;
				CURRENT_PROJECT_VERSION = 1;
				DEVELOPMENT_TEAM = 7366265M49;
				GENERATE_INFOPLIST_FILE = YES;
				MARKETING_VERSION = 1.0;
				PRODUCT_BUNDLE_IDENTIFIER = com.maximegirard.MealMasterUITests;
				PRODUCT_NAME = "$(TARGET_NAME)";
				SWIFT_EMIT_LOC_STRINGS = NO;
				SWIFT_VERSION = 5.0;
				TARGETED_DEVICE_FAMILY = "1,2";
				TEST_TARGET_NAME = MealMaster;
			};
			name = Release;
		};
/* End XCBuildConfiguration section */

/* Begin XCConfigurationList section */
		89D3A7D52A57023700BE11DD /* Build configuration list for PBXProject "MealMaster" */ = {
			isa = XCConfigurationList;
			buildConfigurations = (
				89D3A8052A57023900BE11DD /* Debug */,
				89D3A8062A57023900BE11DD /* Release */,
			);
			defaultConfigurationIsVisible = 0;
			defaultConfigurationName = Release;
		};
		89D3A8072A57023900BE11DD /* Build configuration list for PBXNativeTarget "MealMaster" */ = {
			isa = XCConfigurationList;
			buildConfigurations = (
				89D3A8082A57023900BE11DD /* Debug */,
				89D3A8092A57023900BE11DD /* Release */,
			);
			defaultConfigurationIsVisible = 0;
			defaultConfigurationName = Release;
		};
		89D3A80A2A57023900BE11DD /* Build configuration list for PBXNativeTarget "MealMasterTests" */ = {
			isa = XCConfigurationList;
			buildConfigurations = (
				89D3A80B2A57023900BE11DD /* Debug */,
				89D3A80C2A57023900BE11DD /* Release */,
			);
			defaultConfigurationIsVisible = 0;
			defaultConfigurationName = Release;
		};
		89D3A80D2A57023900BE11DD /* Build configuration list for PBXNativeTarget "MealMasterUITests" */ = {
			isa = XCConfigurationList;
			buildConfigurations = (
				89D3A80E2A57023900BE11DD /* Debug */,
				89D3A80F2A57023900BE11DD /* Release */,
			);
			defaultConfigurationIsVisible = 0;
			defaultConfigurationName = Release;
		};
/* End XCConfigurationList section */

/* Begin XCRemoteSwiftPackageReference section */
		89FED4B32AB48FDD009B652D /* XCRemoteSwiftPackageReference "firebase-ios-sdk" */ = {
			isa = XCRemoteSwiftPackageReference;
			repositoryURL = "https://github.com/firebase/firebase-ios-sdk";
			requirement = {
				kind = upToNextMajorVersion;
				minimumVersion = 10.0.0;
			};
		};
/* End XCRemoteSwiftPackageReference section */

/* Begin XCSwiftPackageProductDependency section */
		89FED4B42AB48FDD009B652D /* FirebaseCrashlytics */ = {
			isa = XCSwiftPackageProductDependency;
			package = 89FED4B32AB48FDD009B652D /* XCRemoteSwiftPackageReference "firebase-ios-sdk" */;
			productName = FirebaseCrashlytics;
		};
		89FED4B62AB8940F009B652D /* FirebaseAnalytics */ = {
			isa = XCSwiftPackageProductDependency;
			package = 89FED4B32AB48FDD009B652D /* XCRemoteSwiftPackageReference "firebase-ios-sdk" */;
			productName = FirebaseAnalytics;
		};
		89FED4B82AB89418009B652D /* FirebaseCrashlytics */ = {
			isa = XCSwiftPackageProductDependency;
			package = 89FED4B32AB48FDD009B652D /* XCRemoteSwiftPackageReference "firebase-ios-sdk" */;
			productName = FirebaseCrashlytics;
		};
/* End XCSwiftPackageProductDependency section */

/* Begin XCVersionGroup section */
		89D3A7E62A57023700BE11DD /* MealMaster.xcdatamodeld */ = {
			isa = XCVersionGroup;
			children = (
				89D3A7E72A57023700BE11DD /* MealMaster.xcdatamodel */,
			);
			currentVersion = 89D3A7E72A57023700BE11DD /* MealMaster.xcdatamodel */;
			path = MealMaster.xcdatamodeld;
			sourceTree = "<group>";
			versionGroupType = wrapper.xcdatamodel;
		};
/* End XCVersionGroup section */
	};
	rootObject = 89D3A7D22A57023700BE11DD /* Project object */;
}
